dependencies:
- name: cts-helm
  repository: oci://ghcr.io/vlad-radu-anca
  version: 5.1.9
- name: apigw-helm
  repository: oci://ghcr.io/vlad-radu-anca
  version: 5.1.10
- name: kafka-mirror-helm
  repository: oci://ghcr.io/vlad-radu-anca
  version: 0.1.4
- name: ngf-helm
  repository: oci://ghcr.io/vlad-radu-anca
  version: 5.1.7
- name: core-api-helm
  repository: oci://ghcr.io/vlad-radu-anca
  version: 5.1.9
- name: event-collector-helm
  repository: oci://ghcr.io/vlad-radu-anca
  version: 5.3.9
- name: elasticsearch-helm
  repository: oci://ghcr.io/vlad-radu-anca
  version: 5.1.15
- name: cert-service-helm
  repository: oci://ghcr.io/vlad-radu-anca
  version: 5.2.6
- name: helpcenter-helm
  repository: oci://ghcr.io/vlad-radu-anca
  version: 5.1.7
- name: webui-helm
  repository: oci://ghcr.io/vlad-radu-anca
  version: 5.1.10
- name: misc-helm
  repository: oci://ghcr.io/vlad-radu-anca
  version: 5.1.7
- name: mongo-helm
  repository: oci://ghcr.io/vlad-radu-anca
  version: 5.1.8
- name: kibana-helm
  repository: oci://ghcr.io/vlad-radu-anca
  version: 5.1.8
- name: sftp-server-helm
  repository: oci://ghcr.io/vlad-radu-anca
  version: 5.1.6
- name: spark-helm
  repository: oci://ghcr.io/vlad-radu-anca
  version: 5.1.7
- name: swagger-helm
  repository: oci://ghcr.io/vlad-radu-anca
  version: 5.1.6
- name: toc-helm
  repository: oci://ghcr.io/vlad-radu-anca
  version: 5.1.9
- name: topic-operator-helm
  repository: oci://ghcr.io/vlad-radu-anca
  version: 5.1.5
- name: tus-helm
  repository: oci://ghcr.io/vlad-radu-anca
  version: 5.1.10
digest: sha256:048a9bd0e62d18637143730ed945e53fe2f8ffda5799549363da50cc1d48776b
generated: "2026-09-28T10:56:46.394175539Z"
