dependencies:
- name: cts-helm
  repository: oci://ghcr.io/vlad-radu-anca
  version: 5.1.10
- name: apigw-helm
  repository: oci://ghcr.io/vlad-radu-anca
  version: 5.1.10
- name: kafka-mirror-helm
  repository: oci://ghcr.io/vlad-radu-anca
  version: 0.1.4
- name: ngf-helm
  repository: oci://ghcr.io/vlad-radu-anca
  version: 5.1.7
- name: core-api-helm
  repository: oci://ghcr.io/vlad-radu-anca
  version: 5.1.9
- name: event-collector-helm
  repository: oci://ghcr.io/vlad-radu-anca
  version: 5.3.9
- name: elasticsearch-helm
  repository: oci://ghcr.io/vlad-radu-anca
  version: 5.2.1
- name: cert-service-helm
  repository: oci://ghcr.io/vlad-radu-anca
  version: 5.2.6
- name: helpcenter-helm
  repository: oci://ghcr.io/vlad-radu-anca
  version: 5.1.7
- name: webui-helm
  repository: oci://ghcr.io/vlad-radu-anca
  version: 5.1.10
- name: misc-helm
  repository: oci://ghcr.io/vlad-radu-anca
  version: 5.1.7
- name: mongo-helm
  repository: oci://ghcr.io/vlad-radu-anca
  version: 5.1.8
- name: kibana-helm
  repository: oci://ghcr.io/vlad-radu-anca
  version: 5.1.9
- name: sftp-server-helm
  repository: oci://ghcr.io/vlad-radu-anca
  version: 5.1.6
- name: spark-helm
  repository: oci://ghcr.io/vlad-radu-anca
  version: 5.1.7
- name: swagger-helm
  repository: oci://ghcr.io/vlad-radu-anca
  version: 5.1.6
- name: toc-helm
  repository: oci://ghcr.io/vlad-radu-anca
  version: 5.1.9
- name: topic-operator-helm
  repository: oci://ghcr.io/vlad-radu-anca
  version: 5.1.5
- name: tus-helm
  repository: oci://ghcr.io/vlad-radu-anca
  version: 5.1.10
digest: sha256:5a42821866a8004344a9a1454eaac0416aed8cc06c68b1951852e987ef2fb5fc
generated: "2026-10-05T06:21:12.393452721Z"
