dependencies:
- name: cts-helm
  repository: oci://ghcr.io/vlad-radu-anca
  version: 5.1.9
- name: apigw-helm
  repository: oci://ghcr.io/vlad-radu-anca
  version: 5.1.10
- name: kafka-mirror-helm
  repository: oci://ghcr.io/vlad-radu-anca
  version: 0.1.4
- name: ngf-helm
  repository: oci://ghcr.io/vlad-radu-anca
  version: 5.1.7
- name: core-api-helm
  repository: oci://ghcr.io/vlad-radu-anca
  version: 5.1.9
- name: event-collector-helm
  repository: oci://ghcr.io/vlad-radu-anca
  version: 5.3.9
- name: elasticsearch-helm
  repository: oci://ghcr.io/vlad-radu-anca
  version: 5.2.1
- name: cert-service-helm
  repository: oci://ghcr.io/vlad-radu-anca
  version: 5.2.6
- name: helpcenter-helm
  repository: oci://ghcr.io/vlad-radu-anca
  version: 5.1.7
- name: webui-helm
  repository: oci://ghcr.io/vlad-radu-anca
  version: 5.1.10
- name: misc-helm
  repository: oci://ghcr.io/vlad-radu-anca
  version: 5.1.7
- name: mongo-helm
  repository: oci://ghcr.io/vlad-radu-anca
  version: 5.1.8
- name: kibana-helm
  repository: oci://ghcr.io/vlad-radu-anca
  version: 5.1.8
- name: sftp-server-helm
  repository: oci://ghcr.io/vlad-radu-anca
  version: 5.1.6
- name: spark-helm
  repository: oci://ghcr.io/vlad-radu-anca
  version: 5.1.7
- name: swagger-helm
  repository: oci://ghcr.io/vlad-radu-anca
  version: 5.1.6
- name: toc-helm
  repository: oci://ghcr.io/vlad-radu-anca
  version: 5.1.9
- name: topic-operator-helm
  repository: oci://ghcr.io/vlad-radu-anca
  version: 5.1.5
- name: tus-helm
  repository: oci://ghcr.io/vlad-radu-anca
  version: 5.1.10
digest: sha256:5f20719d61934c567d25a15ae6b942507a78a6740e13b85748bf439720967716
generated: "2026-10-05T05:52:19.88413029Z"
